
Microsoft Visual Studio Solution File, Format Version 12.00
# Visual Studio Version 17
VisualStudioVersion = 17.8.34330.188
MinimumVisualStudioVersion = 10.0.40219.1
Project("{2150E333-8FDC-42A3-9474-1A3956D46DE8}") = "src", "src", "{791E3664-2C17-4855-BC4E-9D6B14A9223F}"
EndProject
Project("{2150E333-8FDC-42A3-9474-1A3956D46DE8}") = "Solution Items", "Solution Items", "{50C088E8-415F-4BE9-8FE8-7CDC8B7EAA18}"
	ProjectSection(SolutionItems) = preProject
		.dockerignore = .dockerignore
		.editorconfig = .editorconfig
		readme.md = readme.md
	EndProjectSection
EndProject
Project("{9A19103F-16F7-4668-BE54-9A1E7A4F7556}") = "SwiftSuds.Domain", "src\SwiftSuds.Domain\SwiftSuds.Domain.csproj", "{865C5A62-80A9-4A61-BFEC-5BD3826A0B2D}"
EndProject
Project("{9A19103F-16F7-4668-BE54-9A1E7A4F7556}") = "SwiftSuds.Application", "src\SwiftSuds.Application\SwiftSuds.Application.csproj", "{733DDA76-ED7C-4363-A604-4736F99162D0}"
	ProjectSection(ProjectDependencies) = postProject
		{865C5A62-80A9-4A61-BFEC-5BD3826A0B2D} = {865C5A62-80A9-4A61-BFEC-5BD3826A0B2D}
	EndProjectSection
EndProject
Project("{9A19103F-16F7-4668-BE54-9A1E7A4F7556}") = "SwiftSuds.Infrastructure", "src\SwiftSuds.Infrastructure\SwiftSuds.Infrastructure.csproj", "{23D19CAC-7E2C-4DC1-A0CB-49B271FBF028}"
	ProjectSection(ProjectDependencies) = postProject
		{733DDA76-ED7C-4363-A604-4736F99162D0} = {733DDA76-ED7C-4363-A604-4736F99162D0}
		{865C5A62-80A9-4A61-BFEC-5BD3826A0B2D} = {865C5A62-80A9-4A61-BFEC-5BD3826A0B2D}
	EndProjectSection
EndProject
Project("{E53339B2-1760-4266-BCC7-CA923CBCF16C}") = "docker-compose", "docker-compose.dcproj", "{34F2FF39-D4F1-4492-A902-D0D3FD26AB61}"
EndProject
Project("{9A19103F-16F7-4668-BE54-9A1E7A4F7556}") = "SwiftSuds.Order.Api", "src\SwiftSuds.Order.Api\SwiftSuds.Order.Api.csproj", "{9A22F683-724B-4E1B-B58A-70DAE016A170}"
	ProjectSection(ProjectDependencies) = postProject
		{23D19CAC-7E2C-4DC1-A0CB-49B271FBF028} = {23D19CAC-7E2C-4DC1-A0CB-49B271FBF028}
		{733DDA76-ED7C-4363-A604-4736F99162D0} = {733DDA76-ED7C-4363-A604-4736F99162D0}
		{865C5A62-80A9-4A61-BFEC-5BD3826A0B2D} = {865C5A62-80A9-4A61-BFEC-5BD3826A0B2D}
	EndProjectSection
EndProject
Project("{9A19103F-16F7-4668-BE54-9A1E7A4F7556}") = "SwiftSuds.Order.Api.Tests", "src\SwiftSuds.Order.Api.Tests\SwiftSuds.Order.Api.Tests.csproj", "{33062DB6-4E1A-4134-9BDD-EC8935E74724}"
	ProjectSection(ProjectDependencies) = postProject
		{9A22F683-724B-4E1B-B58A-70DAE016A170} = {9A22F683-724B-4E1B-B58A-70DAE016A170}
	EndProjectSection
EndProject
Project("{9A19103F-16F7-4668-BE54-9A1E7A4F7556}") = "SwiftSuds.Application.Tests", "src\SwiftSuds.Application.Tests\SwiftSuds.Application.Tests.csproj", "{F4219DBE-AC73-4A55-8202-B6D7E5AA50D5}"
EndProject
Global
	GlobalSection(SolutionConfigurationPlatforms) = preSolution
		Debug|Any CPU = Debug|Any CPU
		Release|Any CPU = Release|Any CPU
	EndGlobalSection
	GlobalSection(ProjectConfigurationPlatforms) = postSolution
		{865C5A62-80A9-4A61-BFEC-5BD3826A0B2D}.Debug|Any CPU.ActiveCfg = Debug|Any CPU
		{865C5A62-80A9-4A61-BFEC-5BD3826A0B2D}.Debug|Any CPU.Build.0 = Debug|Any CPU
		{865C5A62-80A9-4A61-BFEC-5BD3826A0B2D}.Release|Any CPU.ActiveCfg = Release|Any CPU
		{865C5A62-80A9-4A61-BFEC-5BD3826A0B2D}.Release|Any CPU.Build.0 = Release|Any CPU
		{733DDA76-ED7C-4363-A604-4736F99162D0}.Debug|Any CPU.ActiveCfg = Debug|Any CPU
		{733DDA76-ED7C-4363-A604-4736F99162D0}.Debug|Any CPU.Build.0 = Debug|Any CPU
		{733DDA76-ED7C-4363-A604-4736F99162D0}.Release|Any CPU.ActiveCfg = Release|Any CPU
		{733DDA76-ED7C-4363-A604-4736F99162D0}.Release|Any CPU.Build.0 = Release|Any CPU
		{23D19CAC-7E2C-4DC1-A0CB-49B271FBF028}.Debug|Any CPU.ActiveCfg = Debug|Any CPU
		{23D19CAC-7E2C-4DC1-A0CB-49B271FBF028}.Debug|Any CPU.Build.0 = Debug|Any CPU
		{23D19CAC-7E2C-4DC1-A0CB-49B271FBF028}.Release|Any CPU.ActiveCfg = Release|Any CPU
		{23D19CAC-7E2C-4DC1-A0CB-49B271FBF028}.Release|Any CPU.Build.0 = Release|Any CPU
		{34F2FF39-D4F1-4492-A902-D0D3FD26AB61}.Debug|Any CPU.ActiveCfg = Debug|Any CPU
		{34F2FF39-D4F1-4492-A902-D0D3FD26AB61}.Debug|Any CPU.Build.0 = Debug|Any CPU
		{34F2FF39-D4F1-4492-A902-D0D3FD26AB61}.Release|Any CPU.ActiveCfg = Release|Any CPU
		{34F2FF39-D4F1-4492-A902-D0D3FD26AB61}.Release|Any CPU.Build.0 = Release|Any CPU
		{9A22F683-724B-4E1B-B58A-70DAE016A170}.Debug|Any CPU.ActiveCfg = Debug|Any CPU
		{9A22F683-724B-4E1B-B58A-70DAE016A170}.Debug|Any CPU.Build.0 = Debug|Any CPU
		{9A22F683-724B-4E1B-B58A-70DAE016A170}.Release|Any CPU.ActiveCfg = Release|Any CPU
		{9A22F683-724B-4E1B-B58A-70DAE016A170}.Release|Any CPU.Build.0 = Release|Any CPU
		{33062DB6-4E1A-4134-9BDD-EC8935E74724}.Debug|Any CPU.ActiveCfg = Debug|Any CPU
		{33062DB6-4E1A-4134-9BDD-EC8935E74724}.Debug|Any CPU.Build.0 = Debug|Any CPU
		{33062DB6-4E1A-4134-9BDD-EC8935E74724}.Release|Any CPU.ActiveCfg = Release|Any CPU
		{33062DB6-4E1A-4134-9BDD-EC8935E74724}.Release|Any CPU.Build.0 = Release|Any CPU
		{F4219DBE-AC73-4A55-8202-B6D7E5AA50D5}.Debug|Any CPU.ActiveCfg = Debug|Any CPU
		{F4219DBE-AC73-4A55-8202-B6D7E5AA50D5}.Debug|Any CPU.Build.0 = Debug|Any CPU
		{F4219DBE-AC73-4A55-8202-B6D7E5AA50D5}.Release|Any CPU.ActiveCfg = Release|Any CPU
		{F4219DBE-AC73-4A55-8202-B6D7E5AA50D5}.Release|Any CPU.Build.0 = Release|Any CPU
	EndGlobalSection
	GlobalSection(SolutionProperties) = preSolution
		HideSolutionNode = FALSE
	EndGlobalSection
	GlobalSection(NestedProjects) = preSolution
		{791E3664-2C17-4855-BC4E-9D6B14A9223F} = {50C088E8-415F-4BE9-8FE8-7CDC8B7EAA18}
		{865C5A62-80A9-4A61-BFEC-5BD3826A0B2D} = {791E3664-2C17-4855-BC4E-9D6B14A9223F}
		{733DDA76-ED7C-4363-A604-4736F99162D0} = {791E3664-2C17-4855-BC4E-9D6B14A9223F}
		{23D19CAC-7E2C-4DC1-A0CB-49B271FBF028} = {791E3664-2C17-4855-BC4E-9D6B14A9223F}
		{9A22F683-724B-4E1B-B58A-70DAE016A170} = {791E3664-2C17-4855-BC4E-9D6B14A9223F}
		{33062DB6-4E1A-4134-9BDD-EC8935E74724} = {791E3664-2C17-4855-BC4E-9D6B14A9223F}
		{F4219DBE-AC73-4A55-8202-B6D7E5AA50D5} = {791E3664-2C17-4855-BC4E-9D6B14A9223F}
	EndGlobalSection
	GlobalSection(ExtensibilityGlobals) = postSolution
		SolutionGuid = {70814103-10CA-441F-A7CD-E1C5D94632BA}
	EndGlobalSection
EndGlobal
